schema: '2.0'
stages:
  data_split:
    cmd: python -m src.data_split
    deps:
    - path: data/raw/
      hash: md5
      md5: bb11d3b3ee152900146e2793ce20a089.dir
      size: 139870876
      nfiles: 1
    - path: src/data_split.py
      hash: md5
      md5: c1c1faf8a1fbc2e80152beaab7a441d1
      size: 1038
    outs:
    - path: data/interim/heart_test.parquet
      hash: md5
      md5: b91a726b7ca238ad6d0171456f30ae53
      size: 1274259
    - path: data/interim/heart_train.parquet
      hash: md5
      md5: 6a64ed557e57fbafa407ec88c7e2bbfc
      size: 4953918
  data_cleaning:
    cmd: python -m src.data_cleaning
    deps:
    - path: data/interim/heart_test.parquet
      hash: md5
      md5: b91a726b7ca238ad6d0171456f30ae53
      size: 1274259
    - path: data/interim/heart_train.parquet
      hash: md5
      md5: 6a64ed557e57fbafa407ec88c7e2bbfc
      size: 4953918
    - path: src/data_cleaning.py
      hash: md5
      md5: fcb8cc03acfb6be48e92440b8c5e7aae
      size: 830
    outs:
    - path: data/processed/heart_train_cleaned.parquet
      hash: md5
      md5: fab94000f037836ee124cd8fc488194e
      size: 2319209
  modeling:
    cmd: python src/modeling.py
    deps:
    - path: data/processed/heart_train_cleaned.parquet
      hash: md5
      md5: d5e7241d11d8e7b8d98c2152fdbe3ea3
      size: 2319209
    - path: src/modeling.py
      hash: md5
      md5: 7308ffcbbecffe16360d4184017a8140
      size: 15737
    params:
      params.yaml:
        modeling:
          n_trials: 5
          model_family: catboost
          objective_function: Logloss
          loss_function: Precision
